
Microsoft Visual Studio Solution File, Format Version 12.00
# Visual Studio Version 16
VisualStudioVersion = 16.0.30330.147
MinimumVisualStudioVersion = 10.0.40219.1
Project("{FAE04EC0-301F-11D3-BF4B-00C04F79EFBC}") = "ComicBookGallery", "ComicBookGallery.csproj", "{F9117421-1026-4B6E-8463-C97B890E1660}"
EndProject
Global
	GlobalSection(SolutionConfigurationPlatforms) = preSolution
		Debug|Any CPU = Debug|Any CPU
		Release|Any CPU = Release|Any CPU
	EndGlobalSection
	GlobalSection(ProjectConfigurationPlatforms) = postSolution
		{F9117421-1026-4B6E-8463-C97B890E1660}.Debug|Any CPU.ActiveCfg = Debug|Any CPU
		{F9117421-1026-4B6E-8463-C97B890E1660}.Debug|Any CPU.Build.0 = Debug|Any CPU
		{F9117421-1026-4B6E-8463-C97B890E1660}.Release|Any CPU.ActiveCfg = Release|Any CPU
		{F9117421-1026-4B6E-8463-C97B890E1660}.Release|Any CPU.Build.0 = Release|Any CPU
	EndGlobalSection
	GlobalSection(SolutionProperties) = preSolution
		HideSolutionNode = FALSE
	EndGlobalSection
	GlobalSection(ExtensibilityGlobals) = postSolution
		SolutionGuid = {8397B66D-0D81-46FD-B1E4-EB47C26638F5}
	EndGlobalSection
EndGlobal
